
Microsoft Visual Studio Solution File, Format Version 12.00
# Visual Studio Version 16
VisualStudioVersion = 16.0.29613.14
MinimumVisualStudioVersion = 10.0.40219.1
Project("{8BC9CEB8-8B4A-11D0-8D11-00A0C91BC942}") = "FaceIdentifiction", "FaceIdentifiction\FaceIdentifiction.vcxproj", "{F4DBC836-60AB-42A4-8D01-027E89DD7E07}"
EndProject
Global
	GlobalSection(SolutionConfigurationPlatforms) = preSolution
		Debug|x64 = Debug|x64
		Debug|x86 = Debug|x86
		Release|x64 = Release|x64
		Release|x86 = Release|x86
	EndGlobalSection
	GlobalSection(ProjectConfigurationPlatforms) = postSolution
		{F4DBC836-60AB-42A4-8D01-027E89DD7E07}.Debug|x64.ActiveCfg = Debug|x64
		{F4DBC836-60AB-42A4-8D01-027E89DD7E07}.Debug|x64.Build.0 = Debug|x64
		{F4DBC836-60AB-42A4-8D01-027E89DD7E07}.Debug|x86.ActiveCfg = Debug|Win32
		{F4DBC836-60AB-42A4-8D01-027E89DD7E07}.Debug|x86.Build.0 = Debug|Win32
		{F4DBC836-60AB-42A4-8D01-027E89DD7E07}.Release|x64.ActiveCfg = Release|x64
		{F4DBC836-60AB-42A4-8D01-027E89DD7E07}.Release|x64.Build.0 = Release|x64
		{F4DBC836-60AB-42A4-8D01-027E89DD7E07}.Release|x86.ActiveCfg = Release|Win32
		{F4DBC836-60AB-42A4-8D01-027E89DD7E07}.Release|x86.Build.0 = Release|Win32
	EndGlobalSection
	GlobalSection(SolutionProperties) = preSolution
		HideSolutionNode = FALSE
	EndGlobalSection
	GlobalSection(ExtensibilityGlobals) = postSolution
		SolutionGuid = {38699150-D449-46E6-860C-D175188C9635}
	EndGlobalSection
EndGlobal
